// !$*UTF8*$!
{
	archiveVersion = 1;
	classes = {
	};
	objectVersion = 50;
	objects = {

/* Begin PBXBuildFile section */
		D846637B2549E757004B56A7 /* AppDelegate.swift in Sources */ = {isa = PBXBuildFile; fileRef = D846637A2549E757004B56A7 /* AppDelegate.swift */; };
		D846637D2549E757004B56A7 /* SceneDelegate.swift in Sources */ = {isa = PBXBuildFile; fileRef = D846637C2549E757004B56A7 /* SceneDelegate.swift */; };
		D846637F2549E757004B56A7 /* ViewController.swift in Sources */ = {isa = PBXBuildFile; fileRef = D846637E2549E757004B56A7 /* ViewController.swift */; };
		D84663822549E757004B56A7 /* Main.storyboard in Resources */ = {isa = PBXBuildFile; fileRef = D84663802549E757004B56A7 /* Main.storyboard */; };
		D84663842549E75F004B56A7 /* Assets.xcassets in Resources */ = {isa = PBXBuildFile; fileRef = D84663832549E75F004B56A7 /* Assets.xcassets */; };
		D84663872549E75F004B56A7 /* LaunchScreen.storyboard in Resources */ = {isa = PBXBuildFile; fileRef = D84663852549E75F004B56A7 /* LaunchScreen.storyboard */; };
		D84663902549E7A2004B56A7 /* CoreDataManager.swift in Sources */ = {isa = PBXBuildFile; fileRef = D846638F2549E7A2004B56A7 /* CoreDataManager.swift */; };
		D84663942549E7E4004B56A7 /* Encuestas.xcdatamodeld in Sources */ = {isa = PBXBuildFile; fileRef = D84663922549E7E4004B56A7 /* Encuestas.xcdatamodeld */; };
/* End PBXBuildFile section */

/* Begin PBXFileReference section */
		D84663772549E757004B56A7 /* CoreDataPredicateAdvance.app */ = {isa = PBXFileReference; explicitFileType = wrapper.application; includeInIndex = 0; path = CoreDataPredicateAdvance.app; sourceTree = BUILT_PRODUCTS_DIR; };
		D846637A2549E757004B56A7 /* AppDelegate.swift */ = {isa = PBXFileReference; lastKnownFileType = sourcecode.swift; path = AppDelegate.swift; sourceTree = "<group>"; };
		D846637C2549E757004B56A7 /* SceneDelegate.swift */ = {isa = PBXFileReference; lastKnownFileType = sourcecode.swift; path = SceneDelegate.swift; sourceTree = "<group>"; };
		D846637E2549E757004B56A7 /* ViewController.swift */ = {isa = PBXFileReference; lastKnownFileType = sourcecode.swift; path = ViewController.swift; sourceTree = "<group>"; };
		D84663812549E757004B56A7 /* Base */ = {isa = PBXFileReference; lastKnownFileType = file.storyboard; name = Base; path = Base.lproj/Main.storyboard; sourceTree = "<group>"; };
		D84663832549E75F004B56A7 /* Assets.xcassets */ = {isa = PBXFileReference; lastKnownFileType = folder.assetcatalog; path = Assets.xcassets; sourceTree = "<group>"; };
		D84663862549E75F004B56A7 /* Base */ = {isa = PBXFileReference; lastKnownFileType = file.storyboard; name = Base; path = Base.lproj/LaunchScreen.storyboard; sourceTree = "<group>"; };
		D84663882549E75F004B56A7 /* Info.plist */ = {isa = PBXFileReference; lastKnownFileType = text.plist.xml; path = Info.plist; sourceTree = "<group>"; };
		D846638F2549E7A2004B56A7 /* CoreDataManager.swift */ = {isa = PBXFileReference; lastKnownFileType = sourcecode.swift; path = CoreDataManager.swift; sourceTree = "<group>"; };
		D84663932549E7E4004B56A7 /* Encuestas.xcdatamodel */ = {isa = PBXFileReference; lastKnownFileType = wrapper.xcdatamodel; path = Encuestas.xcdatamodel; sourceTree = "<group>"; };
/* End PBXFileReference section */

/* Begin PBXFrameworksBuildPhase section */
		D84663742549E757004B56A7 /* Frameworks */ = {
			isa = PBXFrameworksBuildPhase;
			buildActionMask = 2147483647;
			files = (
			);
			runOnlyForDeploymentPostprocessing = 0;
		};
/* End PBXFrameworksBuildPhase section */

/* Begin PBXGroup section */
		D846636E2549E757004B56A7 = {
			isa = PBXGroup;
			children = (
				D84663792549E757004B56A7 /* CoreDataPredicateAdvance */,
				D84663782549E757004B56A7 /* Products */,
			);
			sourceTree = "<group>";
		};
		D84663782549E757004B56A7 /* Products */ = {
			isa = PBXGroup;
			children = (
				D84663772549E757004B56A7 /* CoreDataPredicateAdvance.app */,
			);
			name = Products;
			sourceTree = "<group>";
		};
		D84663792549E757004B56A7 /* CoreDataPredicateAdvance */ = {
			isa = PBXGroup;
			children = (
				D846637A2549E757004B56A7 /* AppDelegate.swift */,
				D846637C2549E757004B56A7 /* SceneDelegate.swift */,
				D846637E2549E757004B56A7 /* ViewController.swift */,
				D84663802549E757004B56A7 /* Main.storyboard */,
				D84663832549E75F004B56A7 /* Assets.xcassets */,
				D84663852549E75F004B56A7 /* LaunchScreen.storyboard */,
				D84663882549E75F004B56A7 /* Info.plist */,
				D846638F2549E7A2004B56A7 /* CoreDataManager.swift */,
				D84663922549E7E4004B56A7 /* Encuestas.xcdatamodeld */,
			);
			path = CoreDataPredicateAdvance;
			sourceTree = "<group>";
		};
/* End PBXGroup section */

/* Begin PBXNativeTarget section */
		D84663762549E757004B56A7 /* CoreDataPredicateAdvance */ = {
			isa = PBXNativeTarget;
			buildConfigurationList = D846638B2549E75F004B56A7 /* Build configuration list for PBXNativeTarget "CoreDataPredicateAdvance" */;
			buildPhases = (
				D84663732549E757004B56A7 /* Sources */,
				D84663742549E757004B56A7 /* Frameworks */,
				D84663752549E757004B56A7 /* Resources */,
			);
			buildRules = (
			);
			dependencies = (
			);
			name = CoreDataPredicateAdvance;
			productName = CoreDataPredicateAdvance;
			productReference = D84663772549E757004B56A7 /* CoreDataPredicateAdvance.app */;
			productType = "com.apple.product-type.application";
		};
/* End PBXNativeTarget section */

/* Begin PBXProject section */
		D846636F2549E757004B56A7 /* Project object */ = {
			isa = PBXProject;
			attributes = {
				LastSwiftUpdateCheck = 1210;
				LastUpgradeCheck = 1210;
				TargetAttributes = {
					D84663762549E757004B56A7 = {
						CreatedOnToolsVersion = 12.1;
					};
				};
			};
			buildConfigurationList = D84663722549E757004B56A7 /* Build configuration list for PBXProject "CoreDataPredicateAdvance" */;
			compatibilityVersion = "Xcode 9.3";
			developmentRegion = en;
			hasScannedForEncodings = 0;
			knownRegions = (
				en,
				Base,
			);
			mainGroup = D846636E2549E757004B56A7;
			productRefGroup = D84663782549E757004B56A7 /* Products */;
			projectDirPath = "";
			projectRoot = "";
			targets = (
				D84663762549E757004B56A7 /* CoreDataPredicateAdvance */,
			);
		};
/* End PBXProject section */

/* Begin PBXResourcesBuildPhase section */
		D84663752549E757004B56A7 /* Resources */ = {
			isa = PBXResourcesBuildPhase;
			buildActionMask = 2147483647;
			files = (
				D84663872549E75F004B56A7 /* LaunchScreen.storyboard in Resources */,
				D84663842549E75F004B56A7 /* Assets.xcassets in Resources */,
				D84663822549E757004B56A7 /* Main.storyboard in Resources */,
			);
			runOnlyForDeploymentPostprocessing = 0;
		};
/* End PBXResourcesBuildPhase section */

/* Begin PBXSourcesBuildPhase section */
		D84663732549E757004B56A7 /* Sources */ = {
			isa = PBXSourcesBuildPhase;
			buildActionMask = 2147483647;
			files = (
				D846637F2549E757004B56A7 /* ViewController.swift in Sources */,
				D84663942549E7E4004B56A7 /* Encuestas.xcdatamodeld in Sources */,
				D846637B2549E757004B56A7 /* AppDelegate.swift in Sources */,
				D84663902549E7A2004B56A7 /* CoreDataManager.swift in Sources */,
				D846637D2549E757004B56A7 /* SceneDelegate.swift in Sources */,
			);
			runOnlyForDeploymentPostprocessing = 0;
		};
/* End PBXSourcesBuildPhase section */

/* Begin PBXVariantGroup section */
		D84663802549E757004B56A7 /* Main.storyboard */ = {
			isa = PBXVariantGroup;
			children = (
				D84663812549E757004B56A7 /* Base */,
			);
			name = Main.storyboard;
			sourceTree = "<group>";
		};
		D84663852549E75F004B56A7 /* LaunchScreen.storyboard */ = {
			isa = PBXVariantGroup;
			children = (
				D84663862549E75F004B56A7 /* Base */,
			);
			name = LaunchScreen.storyboard;
			sourceTree = "<group>";
		};
/* End PBXVariantGroup section */

/* Begin XCBuildConfiguration section */
		D84663892549E75F004B56A7 /* Debug */ = {
			isa = XCBuildConfiguration;
			buildSettings = {
				ALWAYS_SEARCH_USER_PATHS = NO;
				CLANG_ANALYZER_NONNULL = YES;
				CLANG_ANALYZER_NUMBER_OBJECT_CONVERSION = YES_AGGRESSIVE;
				CLANG_CXX_LANGUAGE_STANDARD = "gnu++14";
				CLANG_CXX_LIBRARY = "libc++";
				CLANG_ENABLE_MODULES = YES;
				CLANG_ENABLE_OBJC_ARC = YES;
				CLANG_ENABLE_OBJC_WEAK = YES;
				CLANG_WARN_BLOCK_CAPTURE_AUTORELEASING = YES;
				CLANG_WARN_BOOL_CONVERSION = YES;
				CLANG_WARN_COMMA = YES;
				CLANG_WARN_CONSTANT_CONVERSION = YES;
				CLANG_WARN_DEPRECATED_OBJC_IMPLEMENTATIONS = YES;
				CLANG_WARN_DIRECT_OBJC_ISA_USAGE = YES_ERROR;
				CLANG_WARN_DOCUMENTATION_COMMENTS = YES;
				CLANG_WARN_EMPTY_BODY = YES;
				CLANG_WARN_ENUM_CONVERSION = YES;
				CLANG_WARN_INFINITE_RECURSION = YES;
				CLANG_WARN_INT_CONVERSION = YES;
				CLANG_WARN_NON_LITERAL_NULL_CONVERSION = YES;
				CLANG_WARN_OBJC_IMPLICIT_RETAIN_SELF = YES;
				CLANG_WARN_OBJC_LITERAL_CONVERSION = YES;
				CLANG_WARN_OBJC_ROOT_CLASS = YES_ERROR;
				CLANG_WARN_QUOTED_INCLUDE_IN_FRAMEWORK_HEADER = YES;
				CLANG_WARN_RANGE_LOOP_ANALYSIS = YES;
				CLANG_WARN_STRICT_PROTOTYPES = YES;
				CLANG_WARN_SUSPICIOUS_MOVE = YES;
				CLANG_WARN_UNGUARDED_AVAILABILITY = YES_AGGRESSIVE;
				CLANG_WARN_UNREACHABLE_CODE = YES;
				CLANG_WARN__DUPLICATE_METHOD_MATCH = YES;
				COPY_PHASE_STRIP = NO;
				DEBUG_INFORMATION_FORMAT = dwarf;
				ENABLE_STRICT_OBJC_MSGSEND = YES;
				ENABLE_TESTABILITY = YES;
				GCC_C_LANGUAGE_STANDARD = gnu11;
				GCC_DYNAMIC_NO_PIC = NO;
				GCC_NO_COMMON_BLOCKS = YES;
				GCC_OPTIMIZATION_LEVEL = 0;
				GCC_PREPROCESSOR_DEFINITIONS = (
					"DEBUG=1",
					"$(inherited)",
				);
				GCC_WARN_64_TO_32_BIT_CONVERSION = YES;
				GCC_WARN_ABOUT_RETURN_TYPE = YES_ERROR;
				GCC_WARN_UNDECLARED_SELECTOR = YES;
				GCC_WARN_UNINITIALIZED_AUTOS = YES_AGGRESSIVE;
				GCC_WARN_UNUSED_FUNCTION = YES;
				GCC_WARN_UNUSED_VARIABLE = YES;
				IPHONEOS_DEPLOYMENT_TARGET = 14.1;
				MTL_ENABLE_DEBUG_INFO = INCLUDE_SOURCE;
				MTL_FAST_MATH = YES;
				ONLY_ACTIVE_ARCH = YES;
				SDKROOT = iphoneos;
				SWIFT_ACTIVE_COMPILATION_CONDITIONS = DEBUG;
				SWIFT_OPTIMIZATION_LEVEL = "-Onone";
			};
			name = Debug;
		};
		D846638A2549E75F004B56A7 /* Release */ = {
			isa = XCBuildConfiguration;
			buildSettings = {
				ALWAYS_SEARCH_USER_PATHS = NO;
				CLANG_ANALYZER_NONNULL = YES;
				CLANG_ANALYZER_NUMBER_OBJECT_CONVERSION = YES_AGGRESSIVE;
				CLANG_CXX_LANGUAGE_STANDARD = "gnu++14";
				CLANG_CXX_LIBRARY = "libc++";
				CLANG_ENABLE_MODULES = YES;
				CLANG_ENABLE_OBJC_ARC = YES;
				CLANG_ENABLE_OBJC_WEAK = YES;
				CLANG_WARN_BLOCK_CAPTURE_AUTORELEASING = YES;
				CLANG_WARN_BOOL_CONVERSION = YES;
				CLANG_WARN_COMMA = YES;
				CLANG_WARN_CONSTANT_CONVERSION = YES;
				CLANG_WARN_DEPRECATED_OBJC_IMPLEMENTATIONS = YES;
				CLANG_WARN_DIRECT_OBJC_ISA_USAGE = YES_ERROR;
				CLANG_WARN_DOCUMENTATION_COMMENTS = YES;
				CLANG_WARN_EMPTY_BODY = YES;
				CLANG_WARN_ENUM_CONVERSION = YES;
				CLANG_WARN_INFINITE_RECURSION = YES;
				CLANG_WARN_INT_CONVERSION = YES;
				CLANG_WARN_NON_LITERAL_NULL_CONVERSION = YES;
				CLANG_WARN_OBJC_IMPLICIT_RETAIN_SELF = YES;
				CLANG_WARN_OBJC_LITERAL_CONVERSION = YES;
				CLANG_WARN_OBJC_ROOT_CLASS = YES_ERROR;
				CLANG_WARN_QUOTED_INCLUDE_IN_FRAMEWORK_HEADER = YES;
				CLANG_WARN_RANGE_LOOP_ANALYSIS = YES;
				CLANG_WARN_STRICT_PROTOTYPES = YES;
				CLANG_WARN_SUSPICIOUS_MOVE = YES;
				CLANG_WARN_UNGUARDED_AVAILABILITY = YES_AGGRESSIVE;
				CLANG_WARN_UNREACHABLE_CODE = YES;
				CLANG_WARN__DUPLICATE_METHOD_MATCH = YES;
				COPY_PHASE_STRIP = NO;
				DEBUG_INFORMATION_FORMAT = "dwarf-with-dsym";
				ENABLE_NS_ASSERTIONS = NO;
				ENABLE_STRICT_OBJC_MSGSEND = YES;
				GCC_C_LANGUAGE_STANDARD = gnu11;
				GCC_NO_COMMON_BLOCKS = YES;
				GCC_WARN_64_TO_32_BIT_CONVERSION = YES;
				GCC_WARN_ABOUT_RETURN_TYPE = YES_ERROR;
				GCC_WARN_UNDECLARED_SELECTOR = YES;
				GCC_WARN_UNINITIALIZED_AUTOS = YES_AGGRESSIVE;
				GCC_WARN_UNUSED_FUNCTION = YES;
				GCC_WARN_UNUSED_VARIABLE = YES;
				IPHONEOS_DEPLOYMENT_TARGET = 14.1;
				MTL_ENABLE_DEBUG_INFO = NO;
				MTL_FAST_MATH = YES;
				SDKROOT = iphoneos;
				SWIFT_COMPILATION_MODE = wholemodule;
				SWIFT_OPTIMIZATION_LEVEL = "-O";
				VALIDATE_PRODUCT = YES;
			};
			name = Release;
		};
		D846638C2549E75F004B56A7 /* Debug */ = {
			isa = XCBuildConfiguration;
			buildSettings = {
				ASSETCATALOG_COMPILER_APPICON_NAME = AppIcon;
				ASSETCATALOG_COMPILER_GLOBAL_ACCENT_COLOR_NAME = AccentColor;
				CODE_SIGN_STYLE = Automatic;
				INFOPLIST_FILE = CoreDataPredicateAdvance/Info.plist;
				LD_RUNPATH_SEARCH_PATHS = (
					"$(inherited)",
					"@executable_path/Frameworks",
				);
				PRODUCT_BUNDLE_IDENTIFIER = com.badillosoft.CoreDataPredicateAdvance;
				PRODUCT_NAME = "$(TARGET_NAME)";
				SWIFT_VERSION = 5.0;
				TARGETED_DEVICE_FAMILY = "1,2";
			};
			name = Debug;
		};
		D846638D2549E75F004B56A7 /* Release */ = {
			isa = XCBuildConfiguration;
			buildSettings = {
				ASSETCATALOG_COMPILER_APPICON_NAME = AppIcon;
				ASSETCATALOG_COMPILER_GLOBAL_ACCENT_COLOR_NAME = AccentColor;
				CODE_SIGN_STYLE = Automatic;
				INFOPLIST_FILE = CoreDataPredicateAdvance/Info.plist;
				LD_RUNPATH_SEARCH_PATHS = (
					"$(inherited)",
					"@executable_path/Frameworks",
				);
				PRODUCT_BUNDLE_IDENTIFIER = com.badillosoft.CoreDataPredicateAdvance;
				PRODUCT_NAME = "$(TARGET_NAME)";
				SWIFT_VERSION = 5.0;
				TARGETED_DEVICE_FAMILY = "1,2";
			};
			name = Release;
		};
/* End XCBuildConfiguration section */

/* Begin XCConfigurationList section */
		D84663722549E757004B56A7 /* Build configuration list for PBXProject "CoreDataPredicateAdvance" */ = {
			isa = XCConfigurationList;
			buildConfigurations = (
				D84663892549E75F004B56A7 /* Debug */,
				D846638A2549E75F004B56A7 /* Release */,
			);
			defaultConfigurationIsVisible = 0;
			defaultConfigurationName = Release;
		};
		D846638B2549E75F004B56A7 /* Build configuration list for PBXNativeTarget "CoreDataPredicateAdvance" */ = {
			isa = XCConfigurationList;
			buildConfigurations = (
				D846638C2549E75F004B56A7 /* Debug */,
				D846638D2549E75F004B56A7 /* Release */,
			);
			defaultConfigurationIsVisible = 0;
			defaultConfigurationName = Release;
		};
/* End XCConfigurationList section */

/* Begin XCVersionGroup section */
		D84663922549E7E4004B56A7 /* Encuestas.xcdatamodeld */ = {
			isa = XCVersionGroup;
			children = (
				D84663932549E7E4004B56A7 /* Encuestas.xcdatamodel */,
			);
			currentVersion = D84663932549E7E4004B56A7 /* Encuestas.xcdatamodel */;
			path = Encuestas.xcdatamodeld;
			sourceTree = "<group>";
			versionGroupType = wrapper.xcdatamodel;
		};
/* End XCVersionGroup section */
	};
	rootObject = D846636F2549E757004B56A7 /* Project object */;
}
