// !$*UTF8*$!
{
	archiveVersion = 1;
	classes = {
	};
	objectVersion = 50;
	objects = {

/* Begin PBXBuildFile section */
		1443010E25489A8C00B6B945 /* AppDelegate.swift in Sources */ = {isa = PBXBuildFile; fileRef = 1443010D25489A8C00B6B945 /* AppDelegate.swift */; };
		1443011025489A8C00B6B945 /* SceneDelegate.swift in Sources */ = {isa = PBXBuildFile; fileRef = 1443010F25489A8C00B6B945 /* SceneDelegate.swift */; };
		1443011225489A8C00B6B945 /* ViewController.swift in Sources */ = {isa = PBXBuildFile; fileRef = 1443011125489A8C00B6B945 /* ViewController.swift */; };
		1443011525489A8C00B6B945 /* Main.storyboard in Resources */ = {isa = PBXBuildFile; fileRef = 1443011325489A8C00B6B945 /* Main.storyboard */; };
		1443011725489A8E00B6B945 /* Assets.xcassets in Resources */ = {isa = PBXBuildFile; fileRef = 1443011625489A8E00B6B945 /* Assets.xcassets */; };
		1443011A25489A8E00B6B945 /* LaunchScreen.storyboard in Resources */ = {isa = PBXBuildFile; fileRef = 1443011825489A8E00B6B945 /* LaunchScreen.storyboard */; };
		1443012325489CD400B6B945 /* Banking.xcdatamodeld in Sources */ = {isa = PBXBuildFile; fileRef = 1443012125489CD400B6B945 /* Banking.xcdatamodeld */; };
		144301252548A00400B6B945 /* CoreDataManager.swift in Sources */ = {isa = PBXBuildFile; fileRef = 144301242548A00400B6B945 /* CoreDataManager.swift */; };
/* End PBXBuildFile section */

/* Begin PBXFileReference section */
		1443010A25489A8C00B6B945 /* CoreDataDealer.app */ = {isa = PBXFileReference; explicitFileType = wrapper.application; includeInIndex = 0; path = CoreDataDealer.app; sourceTree = BUILT_PRODUCTS_DIR; };
		1443010D25489A8C00B6B945 /* AppDelegate.swift */ = {isa = PBXFileReference; lastKnownFileType = sourcecode.swift; path = AppDelegate.swift; sourceTree = "<group>"; };
		1443010F25489A8C00B6B945 /* SceneDelegate.swift */ = {isa = PBXFileReference; lastKnownFileType = sourcecode.swift; path = SceneDelegate.swift; sourceTree = "<group>"; };
		1443011125489A8C00B6B945 /* ViewController.swift */ = {isa = PBXFileReference; lastKnownFileType = sourcecode.swift; path = ViewController.swift; sourceTree = "<group>"; };
		1443011425489A8C00B6B945 /* Base */ = {isa = PBXFileReference; lastKnownFileType = file.storyboard; name = Base; path = Base.lproj/Main.storyboard; sourceTree = "<group>"; };
		1443011625489A8E00B6B945 /* Assets.xcassets */ = {isa = PBXFileReference; lastKnownFileType = folder.assetcatalog; path = Assets.xcassets; sourceTree = "<group>"; };
		1443011925489A8E00B6B945 /* Base */ = {isa = PBXFileReference; lastKnownFileType = file.storyboard; name = Base; path = Base.lproj/LaunchScreen.storyboard; sourceTree = "<group>"; };
		1443011B25489A8E00B6B945 /* Info.plist */ = {isa = PBXFileReference; lastKnownFileType = text.plist.xml; path = Info.plist; sourceTree = "<group>"; };
		1443012225489CD400B6B945 /* Banking.xcdatamodel */ = {isa = PBXFileReference; lastKnownFileType = wrapper.xcdatamodel; path = Banking.xcdatamodel; sourceTree = "<group>"; };
		144301242548A00400B6B945 /* CoreDataManager.swift */ = {isa = PBXFileReference; lastKnownFileType = sourcecode.swift; path = CoreDataManager.swift; sourceTree = "<group>"; };
/* End PBXFileReference section */

/* Begin PBXFrameworksBuildPhase section */
		1443010725489A8C00B6B945 /* Frameworks */ = {
			isa = PBXFrameworksBuildPhase;
			buildActionMask = 2147483647;
			files = (
			);
			runOnlyForDeploymentPostprocessing = 0;
		};
/* End PBXFrameworksBuildPhase section */

/* Begin PBXGroup section */
		1443010125489A8C00B6B945 = {
			isa = PBXGroup;
			children = (
				1443010C25489A8C00B6B945 /* CoreDataDealer */,
				1443010B25489A8C00B6B945 /* Products */,
			);
			sourceTree = "<group>";
		};
		1443010B25489A8C00B6B945 /* Products */ = {
			isa = PBXGroup;
			children = (
				1443010A25489A8C00B6B945 /* CoreDataDealer.app */,
			);
			name = Products;
			sourceTree = "<group>";
		};
		1443010C25489A8C00B6B945 /* CoreDataDealer */ = {
			isa = PBXGroup;
			children = (
				1443010D25489A8C00B6B945 /* AppDelegate.swift */,
				1443010F25489A8C00B6B945 /* SceneDelegate.swift */,
				1443011125489A8C00B6B945 /* ViewController.swift */,
				1443012125489CD400B6B945 /* Banking.xcdatamodeld */,
				144301242548A00400B6B945 /* CoreDataManager.swift */,
				1443011325489A8C00B6B945 /* Main.storyboard */,
				1443011625489A8E00B6B945 /* Assets.xcassets */,
				1443011825489A8E00B6B945 /* LaunchScreen.storyboard */,
				1443011B25489A8E00B6B945 /* Info.plist */,
			);
			path = CoreDataDealer;
			sourceTree = "<group>";
		};
/* End PBXGroup section */

/* Begin PBXNativeTarget section */
		1443010925489A8C00B6B945 /* CoreDataDealer */ = {
			isa = PBXNativeTarget;
			buildConfigurationList = 1443011E25489A8E00B6B945 /* Build configuration list for PBXNativeTarget "CoreDataDealer" */;
			buildPhases = (
				1443010625489A8C00B6B945 /* Sources */,
				1443010725489A8C00B6B945 /* Frameworks */,
				1443010825489A8C00B6B945 /* Resources */,
			);
			buildRules = (
			);
			dependencies = (
			);
			name = CoreDataDealer;
			productName = CoreDataDealer;
			productReference = 1443010A25489A8C00B6B945 /* CoreDataDealer.app */;
			productType = "com.apple.product-type.application";
		};
/* End PBXNativeTarget section */

/* Begin PBXProject section */
		1443010225489A8C00B6B945 /* Project object */ = {
			isa = PBXProject;
			attributes = {
				LastSwiftUpdateCheck = 1130;
				LastUpgradeCheck = 1130;
				ORGANIZATIONNAME = "sergio nieto";
				TargetAttributes = {
					1443010925489A8C00B6B945 = {
						CreatedOnToolsVersion = 11.3;
					};
				};
			};
			buildConfigurationList = 1443010525489A8C00B6B945 /* Build configuration list for PBXProject "CoreDataDealer" */;
			compatibilityVersion = "Xcode 9.3";
			developmentRegion = en;
			hasScannedForEncodings = 0;
			knownRegions = (
				en,
				Base,
			);
			mainGroup = 1443010125489A8C00B6B945;
			productRefGroup = 1443010B25489A8C00B6B945 /* Products */;
			projectDirPath = "";
			projectRoot = "";
			targets = (
				1443010925489A8C00B6B945 /* CoreDataDealer */,
			);
		};
/* End PBXProject section */

/* Begin PBXResourcesBuildPhase section */
		1443010825489A8C00B6B945 /* Resources */ = {
			isa = PBXResourcesBuildPhase;
			buildActionMask = 2147483647;
			files = (
				1443011A25489A8E00B6B945 /* LaunchScreen.storyboard in Resources */,
				1443011725489A8E00B6B945 /* Assets.xcassets in Resources */,
				1443011525489A8C00B6B945 /* Main.storyboard in Resources */,
			);
			runOnlyForDeploymentPostprocessing = 0;
		};
/* End PBXResourcesBuildPhase section */

/* Begin PBXSourcesBuildPhase section */
		1443010625489A8C00B6B945 /* Sources */ = {
			isa = PBXSourcesBuildPhase;
			buildActionMask = 2147483647;
			files = (
				1443011225489A8C00B6B945 /* ViewController.swift in Sources */,
				1443010E25489A8C00B6B945 /* AppDelegate.swift in Sources */,
				1443012325489CD400B6B945 /* Banking.xcdatamodeld in Sources */,
				144301252548A00400B6B945 /* CoreDataManager.swift in Sources */,
				1443011025489A8C00B6B945 /* SceneDelegate.swift in Sources */,
			);
			runOnlyForDeploymentPostprocessing = 0;
		};
/* End PBXSourcesBuildPhase section */

/* Begin PBXVariantGroup section */
		1443011325489A8C00B6B945 /* Main.storyboard */ = {
			isa = PBXVariantGroup;
			children = (
				1443011425489A8C00B6B945 /* Base */,
			);
			name = Main.storyboard;
			sourceTree = "<group>";
		};
		1443011825489A8E00B6B945 /* LaunchScreen.storyboard */ = {
			isa = PBXVariantGroup;
			children = (
				1443011925489A8E00B6B945 /* Base */,
			);
			name = LaunchScreen.storyboard;
			sourceTree = "<group>";
		};
/* End PBXVariantGroup section */

/* Begin XCBuildConfiguration section */
		1443011C25489A8E00B6B945 /* Debug */ = {
			isa = XCBuildConfiguration;
			buildSettings = {
				ALWAYS_SEARCH_USER_PATHS = NO;
				CLANG_ANALYZER_NONNULL = YES;
				CLANG_ANALYZER_NUMBER_OBJECT_CONVERSION = YES_AGGRESSIVE;
				CLANG_CXX_LANGUAGE_STANDARD = "gnu++14";
				CLANG_CXX_LIBRARY = "libc++";
				CLANG_ENABLE_MODULES = YES;
				CLANG_ENABLE_OBJC_ARC = YES;
				CLANG_ENABLE_OBJC_WEAK = YES;
				CLANG_WARN_BLOCK_CAPTURE_AUTORELEASING = YES;
				CLANG_WARN_BOOL_CONVERSION = YES;
				CLANG_WARN_COMMA = YES;
				CLANG_WARN_CONSTANT_CONVERSION = YES;
				CLANG_WARN_DEPRECATED_OBJC_IMPLEMENTATIONS = YES;
				CLANG_WARN_DIRECT_OBJC_ISA_USAGE = YES_ERROR;
				CLANG_WARN_DOCUMENTATION_COMMENTS = YES;
				CLANG_WARN_EMPTY_BODY = YES;
				CLANG_WARN_ENUM_CONVERSION = YES;
				CLANG_WARN_INFINITE_RECURSION = YES;
				CLANG_WARN_INT_CONVERSION = YES;
				CLANG_WARN_NON_LITERAL_NULL_CONVERSION = YES;
				CLANG_WARN_OBJC_IMPLICIT_RETAIN_SELF = YES;
				CLANG_WARN_OBJC_LITERAL_CONVERSION = YES;
				CLANG_WARN_OBJC_ROOT_CLASS = YES_ERROR;
				CLANG_WARN_RANGE_LOOP_ANALYSIS = YES;
				CLANG_WARN_STRICT_PROTOTYPES = YES;
				CLANG_WARN_SUSPICIOUS_MOVE = YES;
				CLANG_WARN_UNGUARDED_AVAILABILITY = YES_AGGRESSIVE;
				CLANG_WARN_UNREACHABLE_CODE = YES;
				CLANG_WARN__DUPLICATE_METHOD_MATCH = YES;
				COPY_PHASE_STRIP = NO;
				DEBUG_INFORMATION_FORMAT = dwarf;
				ENABLE_STRICT_OBJC_MSGSEND = YES;
				ENABLE_TESTABILITY = YES;
				GCC_C_LANGUAGE_STANDARD = gnu11;
				GCC_DYNAMIC_NO_PIC = NO;
				GCC_NO_COMMON_BLOCKS = YES;
				GCC_OPTIMIZATION_LEVEL = 0;
				GCC_PREPROCESSOR_DEFINITIONS = (
					"DEBUG=1",
					"$(inherited)",
				);
				GCC_WARN_64_TO_32_BIT_CONVERSION = YES;
				GCC_WARN_ABOUT_RETURN_TYPE = YES_ERROR;
				GCC_WARN_UNDECLARED_SELECTOR = YES;
				GCC_WARN_UNINITIALIZED_AUTOS = YES_AGGRESSIVE;
				GCC_WARN_UNUSED_FUNCTION = YES;
				GCC_WARN_UNUSED_VARIABLE = YES;
				IPHONEOS_DEPLOYMENT_TARGET = 13.2;
				MTL_ENABLE_DEBUG_INFO = INCLUDE_SOURCE;
				MTL_FAST_MATH = YES;
				ONLY_ACTIVE_ARCH = YES;
				SDKROOT = iphoneos;
				SWIFT_ACTIVE_COMPILATION_CONDITIONS = DEBUG;
				SWIFT_OPTIMIZATION_LEVEL = "-Onone";
			};
			name = Debug;
		};
		1443011D25489A8E00B6B945 /* Release */ = {
			isa = XCBuildConfiguration;
			buildSettings = {
				ALWAYS_SEARCH_USER_PATHS = NO;
				CLANG_ANALYZER_NONNULL = YES;
				CLANG_ANALYZER_NUMBER_OBJECT_CONVERSION = YES_AGGRESSIVE;
				CLANG_CXX_LANGUAGE_STANDARD = "gnu++14";
				CLANG_CXX_LIBRARY = "libc++";
				CLANG_ENABLE_MODULES = YES;
				CLANG_ENABLE_OBJC_ARC = YES;
				CLANG_ENABLE_OBJC_WEAK = YES;
				CLANG_WARN_BLOCK_CAPTURE_AUTORELEASING = YES;
				CLANG_WARN_BOOL_CONVERSION = YES;
				CLANG_WARN_COMMA = YES;
				CLANG_WARN_CONSTANT_CONVERSION = YES;
				CLANG_WARN_DEPRECATED_OBJC_IMPLEMENTATIONS = YES;
				CLANG_WARN_DIRECT_OBJC_ISA_USAGE = YES_ERROR;
				CLANG_WARN_DOCUMENTATION_COMMENTS = YES;
				CLANG_WARN_EMPTY_BODY = YES;
				CLANG_WARN_ENUM_CONVERSION = YES;
				CLANG_WARN_INFINITE_RECURSION = YES;
				CLANG_WARN_INT_CONVERSION = YES;
				CLANG_WARN_NON_LITERAL_NULL_CONVERSION = YES;
				CLANG_WARN_OBJC_IMPLICIT_RETAIN_SELF = YES;
				CLANG_WARN_OBJC_LITERAL_CONVERSION = YES;
				CLANG_WARN_OBJC_ROOT_CLASS = YES_ERROR;
				CLANG_WARN_RANGE_LOOP_ANALYSIS = YES;
				CLANG_WARN_STRICT_PROTOTYPES = YES;
				CLANG_WARN_SUSPICIOUS_MOVE = YES;
				CLANG_WARN_UNGUARDED_AVAILABILITY = YES_AGGRESSIVE;
				CLANG_WARN_UNREACHABLE_CODE = YES;
				CLANG_WARN__DUPLICATE_METHOD_MATCH = YES;
				COPY_PHASE_STRIP = NO;
				DEBUG_INFORMATION_FORMAT = "dwarf-with-dsym";
				ENABLE_NS_ASSERTIONS = NO;
				ENABLE_STRICT_OBJC_MSGSEND = YES;
				GCC_C_LANGUAGE_STANDARD = gnu11;
				GCC_NO_COMMON_BLOCKS = YES;
				GCC_WARN_64_TO_32_BIT_CONVERSION = YES;
				GCC_WARN_ABOUT_RETURN_TYPE = YES_ERROR;
				GCC_WARN_UNDECLARED_SELECTOR = YES;
				GCC_WARN_UNINITIALIZED_AUTOS = YES_AGGRESSIVE;
				GCC_WARN_UNUSED_FUNCTION = YES;
				GCC_WARN_UNUSED_VARIABLE = YES;
				IPHONEOS_DEPLOYMENT_TARGET = 13.2;
				MTL_ENABLE_DEBUG_INFO = NO;
				MTL_FAST_MATH = YES;
				SDKROOT = iphoneos;
				SWIFT_COMPILATION_MODE = wholemodule;
				SWIFT_OPTIMIZATION_LEVEL = "-O";
				VALIDATE_PRODUCT = YES;
			};
			name = Release;
		};
		1443011F25489A8E00B6B945 /* Debug */ = {
			isa = XCBuildConfiguration;
			buildSettings = {
				ASSETCATALOG_COMPILER_APPICON_NAME = AppIcon;
				CODE_SIGN_STYLE = Automatic;
				DEVELOPMENT_TEAM = 73778WQHPT;
				INFOPLIST_FILE = CoreDataDealer/Info.plist;
				LD_RUNPATH_SEARCH_PATHS = (
					"$(inherited)",
					"@executable_path/Frameworks",
				);
				PRODUCT_BUNDLE_IDENTIFIER = Glimsoft.TodayExtensionSharingDefaults.CoreDataDealer;
				PRODUCT_NAME = "$(TARGET_NAME)";
				SWIFT_VERSION = 5.0;
				TARGETED_DEVICE_FAMILY = "1,2";
			};
			name = Debug;
		};
		1443012025489A8E00B6B945 /* Release */ = {
			isa = XCBuildConfiguration;
			buildSettings = {
				ASSETCATALOG_COMPILER_APPICON_NAME = AppIcon;
				CODE_SIGN_STYLE = Automatic;
				DEVELOPMENT_TEAM = 73778WQHPT;
				INFOPLIST_FILE = CoreDataDealer/Info.plist;
				LD_RUNPATH_SEARCH_PATHS = (
					"$(inherited)",
					"@executable_path/Frameworks",
				);
				PRODUCT_BUNDLE_IDENTIFIER = Glimsoft.TodayExtensionSharingDefaults.CoreDataDealer;
				PRODUCT_NAME = "$(TARGET_NAME)";
				SWIFT_VERSION = 5.0;
				TARGETED_DEVICE_FAMILY = "1,2";
			};
			name = Release;
		};
/* End XCBuildConfiguration section */

/* Begin XCConfigurationList section */
		1443010525489A8C00B6B945 /* Build configuration list for PBXProject "CoreDataDealer" */ = {
			isa = XCConfigurationList;
			buildConfigurations = (
				1443011C25489A8E00B6B945 /* Debug */,
				1443011D25489A8E00B6B945 /* Release */,
			);
			defaultConfigurationIsVisible = 0;
			defaultConfigurationName = Release;
		};
		1443011E25489A8E00B6B945 /* Build configuration list for PBXNativeTarget "CoreDataDealer" */ = {
			isa = XCConfigurationList;
			buildConfigurations = (
				1443011F25489A8E00B6B945 /* Debug */,
				1443012025489A8E00B6B945 /* Release */,
			);
			defaultConfigurationIsVisible = 0;
			defaultConfigurationName = Release;
		};
/* End XCConfigurationList section */

/* Begin XCVersionGroup section */
		1443012125489CD400B6B945 /* Banking.xcdatamodeld */ = {
			isa = XCVersionGroup;
			children = (
				1443012225489CD400B6B945 /* Banking.xcdatamodel */,
			);
			currentVersion = 1443012225489CD400B6B945 /* Banking.xcdatamodel */;
			path = Banking.xcdatamodeld;
			sourceTree = "<group>";
			versionGroupType = wrapper.xcdatamodel;
		};
/* End XCVersionGroup section */
	};
	rootObject = 1443010225489A8C00B6B945 /* Project object */;
}
