// !$*UTF8*$!
{
	archiveVersion = 1;
	classes = {
	};
	objectVersion = 50;
	objects = {

/* Begin PBXBuildFile section */
		D84663A32549FF72004B56A7 /* AppDelegate.swift in Sources */ = {isa = PBXBuildFile; fileRef = D84663A22549FF72004B56A7 /* AppDelegate.swift */; };
		D84663A52549FF72004B56A7 /* SceneDelegate.swift in Sources */ = {isa = PBXBuildFile; fileRef = D84663A42549FF72004B56A7 /* SceneDelegate.swift */; };
		D84663A72549FF72004B56A7 /* ViewController.swift in Sources */ = {isa = PBXBuildFile; fileRef = D84663A62549FF72004B56A7 /* ViewController.swift */; };
		D84663AA2549FF72004B56A7 /* Main.storyboard in Resources */ = {isa = PBXBuildFile; fileRef = D84663A82549FF72004B56A7 /* Main.storyboard */; };
		D84663AC2549FF7A004B56A7 /* Assets.xcassets in Resources */ = {isa = PBXBuildFile; fileRef = D84663AB2549FF7A004B56A7 /* Assets.xcassets */; };
		D84663AF2549FF7A004B56A7 /* LaunchScreen.storyboard in Resources */ = {isa = PBXBuildFile; fileRef = D84663AD2549FF7A004B56A7 /* LaunchScreen.storyboard */; };
		D8466500254CBED5004B56A7 /* OtherViewController.swift in Sources */ = {isa = PBXBuildFile; fileRef = D84664FF254CBED4004B56A7 /* OtherViewController.swift */; };
/* End PBXBuildFile section */

/* Begin PBXFileReference section */
		D846639F2549FF72004B56A7 /* iCloudKeyValueDataStore.app */ = {isa = PBXFileReference; explicitFileType = wrapper.application; includeInIndex = 0; path = iCloudKeyValueDataStore.app; sourceTree = BUILT_PRODUCTS_DIR; };
		D84663A22549FF72004B56A7 /* AppDelegate.swift */ = {isa = PBXFileReference; lastKnownFileType = sourcecode.swift; path = AppDelegate.swift; sourceTree = "<group>"; };
		D84663A42549FF72004B56A7 /* SceneDelegate.swift */ = {isa = PBXFileReference; lastKnownFileType = sourcecode.swift; path = SceneDelegate.swift; sourceTree = "<group>"; };
		D84663A62549FF72004B56A7 /* ViewController.swift */ = {isa = PBXFileReference; lastKnownFileType = sourcecode.swift; path = ViewController.swift; sourceTree = "<group>"; };
		D84663A92549FF72004B56A7 /* Base */ = {isa = PBXFileReference; lastKnownFileType = file.storyboard; name = Base; path = Base.lproj/Main.storyboard; sourceTree = "<group>"; };
		D84663AB2549FF7A004B56A7 /* Assets.xcassets */ = {isa = PBXFileReference; lastKnownFileType = folder.assetcatalog; path = Assets.xcassets; sourceTree = "<group>"; };
		D84663AE2549FF7A004B56A7 /* Base */ = {isa = PBXFileReference; lastKnownFileType = file.storyboard; name = Base; path = Base.lproj/LaunchScreen.storyboard; sourceTree = "<group>"; };
		D84663B02549FF7A004B56A7 /* Info.plist */ = {isa = PBXFileReference; lastKnownFileType = text.plist.xml; path = Info.plist; sourceTree = "<group>"; };
		D84663B7254A0000004B56A7 /* iCloudKeyValueDataStore.entitlements */ = {isa = PBXFileReference; lastKnownFileType = text.plist.entitlements; path = iCloudKeyValueDataStore.entitlements; sourceTree = "<group>"; };
		D84664FF254CBED4004B56A7 /* OtherViewController.swift */ = {isa = PBXFileReference; lastKnownFileType = sourcecode.swift; path = OtherViewController.swift; sourceTree = "<group>"; };
/* End PBXFileReference section */

/* Begin PBXFrameworksBuildPhase section */
		D846639C2549FF72004B56A7 /* Frameworks */ = {
			isa = PBXFrameworksBuildPhase;
			buildActionMask = 2147483647;
			files = (
			);
			runOnlyForDeploymentPostprocessing = 0;
		};
/* End PBXFrameworksBuildPhase section */

/* Begin PBXGroup section */
		D84663962549FF72004B56A7 = {
			isa = PBXGroup;
			children = (
				D84663A12549FF72004B56A7 /* iCloudKeyValueDataStore */,
				D84663A02549FF72004B56A7 /* Products */,
			);
			sourceTree = "<group>";
		};
		D84663A02549FF72004B56A7 /* Products */ = {
			isa = PBXGroup;
			children = (
				D846639F2549FF72004B56A7 /* iCloudKeyValueDataStore.app */,
			);
			name = Products;
			sourceTree = "<group>";
		};
		D84663A12549FF72004B56A7 /* iCloudKeyValueDataStore */ = {
			isa = PBXGroup;
			children = (
				D84663B7254A0000004B56A7 /* iCloudKeyValueDataStore.entitlements */,
				D84663A22549FF72004B56A7 /* AppDelegate.swift */,
				D84663A42549FF72004B56A7 /* SceneDelegate.swift */,
				D84663A62549FF72004B56A7 /* ViewController.swift */,
				D84663A82549FF72004B56A7 /* Main.storyboard */,
				D84664FF254CBED4004B56A7 /* OtherViewController.swift */,
				D84663AB2549FF7A004B56A7 /* Assets.xcassets */,
				D84663AD2549FF7A004B56A7 /* LaunchScreen.storyboard */,
				D84663B02549FF7A004B56A7 /* Info.plist */,
			);
			path = iCloudKeyValueDataStore;
			sourceTree = "<group>";
		};
/* End PBXGroup section */

/* Begin PBXNativeTarget section */
		D846639E2549FF72004B56A7 /* iCloudKeyValueDataStore */ = {
			isa = PBXNativeTarget;
			buildConfigurationList = D84663B32549FF7A004B56A7 /* Build configuration list for PBXNativeTarget "iCloudKeyValueDataStore" */;
			buildPhases = (
				D846639B2549FF72004B56A7 /* Sources */,
				D846639C2549FF72004B56A7 /* Frameworks */,
				D846639D2549FF72004B56A7 /* Resources */,
			);
			buildRules = (
			);
			dependencies = (
			);
			name = iCloudKeyValueDataStore;
			productName = iCloudKeyValueDataStore;
			productReference = D846639F2549FF72004B56A7 /* iCloudKeyValueDataStore.app */;
			productType = "com.apple.product-type.application";
		};
/* End PBXNativeTarget section */

/* Begin PBXProject section */
		D84663972549FF72004B56A7 /* Project object */ = {
			isa = PBXProject;
			attributes = {
				LastSwiftUpdateCheck = 1210;
				LastUpgradeCheck = 1210;
				TargetAttributes = {
					D846639E2549FF72004B56A7 = {
						CreatedOnToolsVersion = 12.1;
					};
				};
			};
			buildConfigurationList = D846639A2549FF72004B56A7 /* Build configuration list for PBXProject "iCloudKeyValueDataStore" */;
			compatibilityVersion = "Xcode 9.3";
			developmentRegion = en;
			hasScannedForEncodings = 0;
			knownRegions = (
				en,
				Base,
			);
			mainGroup = D84663962549FF72004B56A7;
			productRefGroup = D84663A02549FF72004B56A7 /* Products */;
			projectDirPath = "";
			projectRoot = "";
			targets = (
				D846639E2549FF72004B56A7 /* iCloudKeyValueDataStore */,
			);
		};
/* End PBXProject section */

/* Begin PBXResourcesBuildPhase section */
		D846639D2549FF72004B56A7 /* Resources */ = {
			isa = PBXResourcesBuildPhase;
			buildActionMask = 2147483647;
			files = (
				D84663AF2549FF7A004B56A7 /* LaunchScreen.storyboard in Resources */,
				D84663AC2549FF7A004B56A7 /* Assets.xcassets in Resources */,
				D84663AA2549FF72004B56A7 /* Main.storyboard in Resources */,
			);
			runOnlyForDeploymentPostprocessing = 0;
		};
/* End PBXResourcesBuildPhase section */

/* Begin PBXSourcesBuildPhase section */
		D846639B2549FF72004B56A7 /* Sources */ = {
			isa = PBXSourcesBuildPhase;
			buildActionMask = 2147483647;
			files = (
				D84663A72549FF72004B56A7 /* ViewController.swift in Sources */,
				D8466500254CBED5004B56A7 /* OtherViewController.swift in Sources */,
				D84663A32549FF72004B56A7 /* AppDelegate.swift in Sources */,
				D84663A52549FF72004B56A7 /* SceneDelegate.swift in Sources */,
			);
			runOnlyForDeploymentPostprocessing = 0;
		};
/* End PBXSourcesBuildPhase section */

/* Begin PBXVariantGroup section */
		D84663A82549FF72004B56A7 /* Main.storyboard */ = {
			isa = PBXVariantGroup;
			children = (
				D84663A92549FF72004B56A7 /* Base */,
			);
			name = Main.storyboard;
			sourceTree = "<group>";
		};
		D84663AD2549FF7A004B56A7 /* LaunchScreen.storyboard */ = {
			isa = PBXVariantGroup;
			children = (
				D84663AE2549FF7A004B56A7 /* Base */,
			);
			name = LaunchScreen.storyboard;
			sourceTree = "<group>";
		};
/* End PBXVariantGroup section */

/* Begin XCBuildConfiguration section */
		D84663B12549FF7A004B56A7 /* Debug */ = {
			isa = XCBuildConfiguration;
			buildSettings = {
				ALWAYS_SEARCH_USER_PATHS = NO;
				CLANG_ANALYZER_NONNULL = YES;
				CLANG_ANALYZER_NUMBER_OBJECT_CONVERSION = YES_AGGRESSIVE;
				CLANG_CXX_LANGUAGE_STANDARD = "gnu++14";
				CLANG_CXX_LIBRARY = "libc++";
				CLANG_ENABLE_MODULES = YES;
				CLANG_ENABLE_OBJC_ARC = YES;
				CLANG_ENABLE_OBJC_WEAK = YES;
				CLANG_WARN_BLOCK_CAPTURE_AUTORELEASING = YES;
				CLANG_WARN_BOOL_CONVERSION = YES;
				CLANG_WARN_COMMA = YES;
				CLANG_WARN_CONSTANT_CONVERSION = YES;
				CLANG_WARN_DEPRECATED_OBJC_IMPLEMENTATIONS = YES;
				CLANG_WARN_DIRECT_OBJC_ISA_USAGE = YES_ERROR;
				CLANG_WARN_DOCUMENTATION_COMMENTS = YES;
				CLANG_WARN_EMPTY_BODY = YES;
				CLANG_WARN_ENUM_CONVERSION = YES;
				CLANG_WARN_INFINITE_RECURSION = YES;
				CLANG_WARN_INT_CONVERSION = YES;
				CLANG_WARN_NON_LITERAL_NULL_CONVERSION = YES;
				CLANG_WARN_OBJC_IMPLICIT_RETAIN_SELF = YES;
				CLANG_WARN_OBJC_LITERAL_CONVERSION = YES;
				CLANG_WARN_OBJC_ROOT_CLASS = YES_ERROR;
				CLANG_WARN_QUOTED_INCLUDE_IN_FRAMEWORK_HEADER = YES;
				CLANG_WARN_RANGE_LOOP_ANALYSIS = YES;
				CLANG_WARN_STRICT_PROTOTYPES = YES;
				CLANG_WARN_SUSPICIOUS_MOVE = YES;
				CLANG_WARN_UNGUARDED_AVAILABILITY = YES_AGGRESSIVE;
				CLANG_WARN_UNREACHABLE_CODE = YES;
				CLANG_WARN__DUPLICATE_METHOD_MATCH = YES;
				COPY_PHASE_STRIP = NO;
				DEBUG_INFORMATION_FORMAT = dwarf;
				ENABLE_STRICT_OBJC_MSGSEND = YES;
				ENABLE_TESTABILITY = YES;
				GCC_C_LANGUAGE_STANDARD = gnu11;
				GCC_DYNAMIC_NO_PIC = NO;
				GCC_NO_COMMON_BLOCKS = YES;
				GCC_OPTIMIZATION_LEVEL = 0;
				GCC_PREPROCESSOR_DEFINITIONS = (
					"DEBUG=1",
					"$(inherited)",
				);
				GCC_WARN_64_TO_32_BIT_CONVERSION = YES;
				GCC_WARN_ABOUT_RETURN_TYPE = YES_ERROR;
				GCC_WARN_UNDECLARED_SELECTOR = YES;
				GCC_WARN_UNINITIALIZED_AUTOS = YES_AGGRESSIVE;
				GCC_WARN_UNUSED_FUNCTION = YES;
				GCC_WARN_UNUSED_VARIABLE = YES;
				IPHONEOS_DEPLOYMENT_TARGET = 14.1;
				MTL_ENABLE_DEBUG_INFO = INCLUDE_SOURCE;
				MTL_FAST_MATH = YES;
				ONLY_ACTIVE_ARCH = YES;
				SDKROOT = iphoneos;
				SWIFT_ACTIVE_COMPILATION_CONDITIONS = DEBUG;
				SWIFT_OPTIMIZATION_LEVEL = "-Onone";
			};
			name = Debug;
		};
		D84663B22549FF7A004B56A7 /* Release */ = {
			isa = XCBuildConfiguration;
			buildSettings = {
				ALWAYS_SEARCH_USER_PATHS = NO;
				CLANG_ANALYZER_NONNULL = YES;
				CLANG_ANALYZER_NUMBER_OBJECT_CONVERSION = YES_AGGRESSIVE;
				CLANG_CXX_LANGUAGE_STANDARD = "gnu++14";
				CLANG_CXX_LIBRARY = "libc++";
				CLANG_ENABLE_MODULES = YES;
				CLANG_ENABLE_OBJC_ARC = YES;
				CLANG_ENABLE_OBJC_WEAK = YES;
				CLANG_WARN_BLOCK_CAPTURE_AUTORELEASING = YES;
				CLANG_WARN_BOOL_CONVERSION = YES;
				CLANG_WARN_COMMA = YES;
				CLANG_WARN_CONSTANT_CONVERSION = YES;
				CLANG_WARN_DEPRECATED_OBJC_IMPLEMENTATIONS = YES;
				CLANG_WARN_DIRECT_OBJC_ISA_USAGE = YES_ERROR;
				CLANG_WARN_DOCUMENTATION_COMMENTS = YES;
				CLANG_WARN_EMPTY_BODY = YES;
				CLANG_WARN_ENUM_CONVERSION = YES;
				CLANG_WARN_INFINITE_RECURSION = YES;
				CLANG_WARN_INT_CONVERSION = YES;
				CLANG_WARN_NON_LITERAL_NULL_CONVERSION = YES;
				CLANG_WARN_OBJC_IMPLICIT_RETAIN_SELF = YES;
				CLANG_WARN_OBJC_LITERAL_CONVERSION = YES;
				CLANG_WARN_OBJC_ROOT_CLASS = YES_ERROR;
				CLANG_WARN_QUOTED_INCLUDE_IN_FRAMEWORK_HEADER = YES;
				CLANG_WARN_RANGE_LOOP_ANALYSIS = YES;
				CLANG_WARN_STRICT_PROTOTYPES = YES;
				CLANG_WARN_SUSPICIOUS_MOVE = YES;
				CLANG_WARN_UNGUARDED_AVAILABILITY = YES_AGGRESSIVE;
				CLANG_WARN_UNREACHABLE_CODE = YES;
				CLANG_WARN__DUPLICATE_METHOD_MATCH = YES;
				COPY_PHASE_STRIP = NO;
				DEBUG_INFORMATION_FORMAT = "dwarf-with-dsym";
				ENABLE_NS_ASSERTIONS = NO;
				ENABLE_STRICT_OBJC_MSGSEND = YES;
				GCC_C_LANGUAGE_STANDARD = gnu11;
				GCC_NO_COMMON_BLOCKS = YES;
				GCC_WARN_64_TO_32_BIT_CONVERSION = YES;
				GCC_WARN_ABOUT_RETURN_TYPE = YES_ERROR;
				GCC_WARN_UNDECLARED_SELECTOR = YES;
				GCC_WARN_UNINITIALIZED_AUTOS = YES_AGGRESSIVE;
				GCC_WARN_UNUSED_FUNCTION = YES;
				GCC_WARN_UNUSED_VARIABLE = YES;
				IPHONEOS_DEPLOYMENT_TARGET = 14.1;
				MTL_ENABLE_DEBUG_INFO = NO;
				MTL_FAST_MATH = YES;
				SDKROOT = iphoneos;
				SWIFT_COMPILATION_MODE = wholemodule;
				SWIFT_OPTIMIZATION_LEVEL = "-O";
				VALIDATE_PRODUCT = YES;
			};
			name = Release;
		};
		D84663B42549FF7A004B56A7 /* Debug */ = {
			isa = XCBuildConfiguration;
			buildSettings = {
				ASSETCATALOG_COMPILER_APPICON_NAME = AppIcon;
				ASSETCATALOG_COMPILER_GLOBAL_ACCENT_COLOR_NAME = AccentColor;
				CODE_SIGN_ENTITLEMENTS = iCloudKeyValueDataStore/iCloudKeyValueDataStore.entitlements;
				CODE_SIGN_STYLE = Automatic;
				DEVELOPMENT_TEAM = 96BL4734Q9;
				INFOPLIST_FILE = iCloudKeyValueDataStore/Info.plist;
				LD_RUNPATH_SEARCH_PATHS = (
					"$(inherited)",
					"@executable_path/Frameworks",
				);
				PRODUCT_BUNDLE_IDENTIFIER = com.badillosoft.iCloudKeyValueDataStore;
				PRODUCT_NAME = "$(TARGET_NAME)";
				SWIFT_VERSION = 5.0;
				TARGETED_DEVICE_FAMILY = "1,2";
			};
			name = Debug;
		};
		D84663B52549FF7A004B56A7 /* Release */ = {
			isa = XCBuildConfiguration;
			buildSettings = {
				ASSETCATALOG_COMPILER_APPICON_NAME = AppIcon;
				ASSETCATALOG_COMPILER_GLOBAL_ACCENT_COLOR_NAME = AccentColor;
				CODE_SIGN_ENTITLEMENTS = iCloudKeyValueDataStore/iCloudKeyValueDataStore.entitlements;
				CODE_SIGN_STYLE = Automatic;
				INFOPLIST_FILE = iCloudKeyValueDataStore/Info.plist;
				LD_RUNPATH_SEARCH_PATHS = (
					"$(inherited)",
					"@executable_path/Frameworks",
				);
				PRODUCT_BUNDLE_IDENTIFIER = com.badillosoft.iCloudKeyValueDataStore;
				PRODUCT_NAME = "$(TARGET_NAME)";
				SWIFT_VERSION = 5.0;
				TARGETED_DEVICE_FAMILY = "1,2";
			};
			name = Release;
		};
/* End XCBuildConfiguration section */

/* Begin XCConfigurationList section */
		D846639A2549FF72004B56A7 /* Build configuration list for PBXProject "iCloudKeyValueDataStore" */ = {
			isa = XCConfigurationList;
			buildConfigurations = (
				D84663B12549FF7A004B56A7 /* Debug */,
				D84663B22549FF7A004B56A7 /* Release */,
			);
			defaultConfigurationIsVisible = 0;
			defaultConfigurationName = Release;
		};
		D84663B32549FF7A004B56A7 /* Build configuration list for PBXNativeTarget "iCloudKeyValueDataStore" */ = {
			isa = XCConfigurationList;
			buildConfigurations = (
				D84663B42549FF7A004B56A7 /* Debug */,
				D84663B52549FF7A004B56A7 /* Release */,
			);
			defaultConfigurationIsVisible = 0;
			defaultConfigurationName = Release;
		};
/* End XCConfigurationList section */
	};
	rootObject = D84663972549FF72004B56A7 /* Project object */;
}
